{
  "name": "@cross-lab-project/soa-service-electrical",
  "version": "0.0.2",
  "lockfileVersion": 2,
  "requires": true,
  "packages": {
    "": {
      "name": "@cross-lab-project/soa-service-electrical",
      "version": "0.0.2",
      "license": "UNLICENSED",
      "dependencies": {
        "@cross-lab-project/soa-client": "^0.0.10",
        "tiny-typed-emitter": "^2.1.0"
      },
      "devDependencies": {
        "typescript": "^4.7.4"
      }
    },
    "node_modules/@cross-lab-project/soa-client": {
      "version": "0.0.10",
      "resolved": "https://npm.pkg.github.com/download/@cross-lab-project/soa-client/0.0.10/ba256626616dd4effeacd5643dda75d270980e2b",
      "integrity": "sha512-ivL686aaecVm5gNDUuO5R9CdcqWb7qZ8i5BephJXeSArhL6wEhCk853VMqRvBLHnjo93MQfCqI3duMf/kfSdXw==",
      "license": "UNLICENSED",
      "dependencies": {
        "sdp-transform": "^2.14.1",
        "tiny-typed-emitter": "^2.1.0"
      }
    },
    "node_modules/sdp-transform": {
      "version": "2.14.1",
      "resolved": "https://registry.npmjs.org/sdp-transform/-/sdp-transform-2.14.1.tgz",
      "integrity": "sha512-RjZyX3nVwJyCuTo5tGPx+PZWkDMCg7oOLpSlhjDdZfwUoNqG1mM8nyj31IGHyaPWXhjbP7cdK3qZ2bmkJ1GzRw==",
      "bin": {
        "sdp-verify": "checker.js"
      }
    },
    "node_modules/tiny-typed-emitter": {
      "version": "2.1.0",
      "resolved": "https://registry.npmjs.org/tiny-typed-emitter/-/tiny-typed-emitter-2.1.0.tgz",
      "integrity": "sha512-qVtvMxeXbVej0cQWKqVSSAHmKZEHAvxdF8HEUBFWts8h+xEo5m/lEiPakuyZ3BnCBjOD8i24kzNOiOLLgsSxhA=="
    },
    "node_modules/typescript": {
      "version": "4.7.4",
      "resolved": "https://registry.npmjs.org/typescript/-/typescript-4.7.4.tgz",
      "integrity": "sha512-C0WQT0gezHuw6AdY1M2jxUO83Rjf0HP7Sk1DtXj6j1EwkQNZrHAg2XPWlq62oqEhYvONq5pkC2Y9oPljWToLmQ==",
      "dev": true,
      "bin": {
        "tsc": "bin/tsc",
        "tsserver": "bin/tsserver"
      },
      "engines": {
        "node": ">=4.2.0"
      }
    }
  },
  "dependencies": {
    "@cross-lab-project/soa-client": {
      "version": "0.0.10",
      "resolved": "https://npm.pkg.github.com/download/@cross-lab-project/soa-client/0.0.10/ba256626616dd4effeacd5643dda75d270980e2b",
      "integrity": "sha512-ivL686aaecVm5gNDUuO5R9CdcqWb7qZ8i5BephJXeSArhL6wEhCk853VMqRvBLHnjo93MQfCqI3duMf/kfSdXw==",
      "requires": {
        "sdp-transform": "^2.14.1",
        "tiny-typed-emitter": "^2.1.0"
      }
    },
    "sdp-transform": {
      "version": "2.14.1",
      "resolved": "https://registry.npmjs.org/sdp-transform/-/sdp-transform-2.14.1.tgz",
      "integrity": "sha512-RjZyX3nVwJyCuTo5tGPx+PZWkDMCg7oOLpSlhjDdZfwUoNqG1mM8nyj31IGHyaPWXhjbP7cdK3qZ2bmkJ1GzRw=="
    },
    "tiny-typed-emitter": {
      "version": "2.1.0",
      "resolved": "https://registry.npmjs.org/tiny-typed-emitter/-/tiny-typed-emitter-2.1.0.tgz",
      "integrity": "sha512-qVtvMxeXbVej0cQWKqVSSAHmKZEHAvxdF8HEUBFWts8h+xEo5m/lEiPakuyZ3BnCBjOD8i24kzNOiOLLgsSxhA=="
    },
    "typescript": {
      "version": "4.7.4",
      "resolved": "https://registry.npmjs.org/typescript/-/typescript-4.7.4.tgz",
      "integrity": "sha512-C0WQT0gezHuw6AdY1M2jxUO83Rjf0HP7Sk1DtXj6j1EwkQNZrHAg2XPWlq62oqEhYvONq5pkC2Y9oPljWToLmQ==",
      "dev": true
    }
  }
}
