{
  "name": "@cross-lab-project/soa-service-electrical",
  "lockfileVersion": 3,
  "requires": true,
  "packages": {
    "": {
      "name": "@cross-lab-project/soa-service-electrical",
      "license": "UNLICENSED",
      "dependencies": {
        "@cross-lab-project/soa-client": "file:../../../soa/js/",
        "tiny-typed-emitter": "^2.1.0"
      },
      "devDependencies": {
        "typescript": "^4.7.4"
      }
    },
    "../../../soa/js": {
      "license": "UNLICENSED",
      "dependencies": {
        "isomorphic-ws": "^5.0.0",
        "sdp-transform": "^2.14.1",
        "tiny-typed-emitter": "^2.1.0"
      },
      "devDependencies": {
        "@types/sdp-transform": "^2.4.5",
        "@types/ws": "^8.5.4",
        "typescript": "^4.7.4"
      }
    },
    "node_modules/@cross-lab-project/soa-client": {
      "resolved": "../../../soa/js",
      "link": true
    },
    "node_modules/tiny-typed-emitter": {
      "version": "2.1.0",
      "resolved": "https://registry.npmjs.org/tiny-typed-emitter/-/tiny-typed-emitter-2.1.0.tgz",
      "integrity": "sha512-qVtvMxeXbVej0cQWKqVSSAHmKZEHAvxdF8HEUBFWts8h+xEo5m/lEiPakuyZ3BnCBjOD8i24kzNOiOLLgsSxhA=="
    },
    "node_modules/typescript": {
      "version": "4.9.4",
      "resolved": "https://registry.npmjs.org/typescript/-/typescript-4.9.4.tgz",
      "integrity": "sha512-Uz+dTXYzxXXbsFpM86Wh3dKCxrQqUcVMxwU54orwlJjOpO3ao8L7j5lH+dWfTwgCwIuM9GQ2kvVotzYJMXTBZg==",
      "dev": true,
      "bin": {
        "tsc": "bin/tsc",
        "tsserver": "bin/tsserver"
      },
      "engines": {
        "node": ">=4.2.0"
      }
    }
  }
}
