{
  "name": "@cross-lab-project/soa-service-electrical",
  "lockfileVersion": 2,
  "requires": true,
  "packages": {
    "": {
      "name": "@cross-lab-project/soa-service-electrical",
      "license": "UNLICENSED",
      "dependencies": {
        "@cross-lab-project/soa-client": "file:../../../soa/js",
        "tiny-typed-emitter": "^2.1.0"
      },
      "devDependencies": {
        "typescript": "^4.7.4"
      }
    },
    "../../../soa/js": {
      "name": "@cross-lab-project/soa-client",
      "license": "UNLICENSED",
      "dependencies": {
        "isomorphic-ws": "^5.0.0",
        "sdp-transform": "^2.14.1",
        "tiny-typed-emitter": "^2.1.0"
      },
      "devDependencies": {
        "@types/sdp-transform": "^2.4.5",
        "@types/ws": "^8.5.4",
        "typescript": "^4.7.4"
      }
    },
    "../../../soa/js/node_modules/@types/node": {
      "version": "18.11.18",
      "dev": true,
      "license": "MIT"
    },
    "../../../soa/js/node_modules/@types/sdp-transform": {
      "version": "2.4.5",
      "dev": true,
      "license": "MIT"
    },
    "../../../soa/js/node_modules/@types/ws": {
      "version": "8.5.4",
      "dev": true,
      "license": "MIT",
      "dependencies": {
        "@types/node": "*"
      }
    },
    "../../../soa/js/node_modules/isomorphic-ws": {
      "version": "5.0.0",
      "license": "MIT",
      "peerDependencies": {
        "ws": "*"
      }
    },
    "../../../soa/js/node_modules/sdp-transform": {
      "version": "2.14.1",
      "license": "MIT",
      "bin": {
        "sdp-verify": "checker.js"
      }
    },
    "../../../soa/js/node_modules/tiny-typed-emitter": {
      "version": "2.1.0",
      "license": "MIT"
    },
    "../../../soa/js/node_modules/typescript": {
      "version": "4.9.4",
      "dev": true,
      "license": "Apache-2.0",
      "bin": {
        "tsc": "bin/tsc",
        "tsserver": "bin/tsserver"
      },
      "engines": {
        "node": ">=4.2.0"
      }
    },
    "../../../soa/js/node_modules/ws": {
      "version": "8.12.0",
      "license": "MIT",
      "peer": true,
      "engines": {
        "node": ">=10.0.0"
      },
      "peerDependencies": {
        "bufferutil": "^4.0.1",
        "utf-8-validate": ">=5.0.2"
      },
      "peerDependenciesMeta": {
        "bufferutil": {
          "optional": true
        },
        "utf-8-validate": {
          "optional": true
        }
      }
    },
    "node_modules/@cross-lab-project/soa-client": {
      "resolved": "../../../soa/js",
      "link": true
    },
    "node_modules/tiny-typed-emitter": {
      "version": "2.1.0",
      "license": "MIT"
    },
    "node_modules/typescript": {
      "version": "4.9.5",
      "dev": true,
      "license": "Apache-2.0",
      "bin": {
        "tsc": "bin/tsc",
        "tsserver": "bin/tsserver"
      },
      "engines": {
        "node": ">=4.2.0"
      }
    }
  },
  "dependencies": {
    "@cross-lab-project/soa-client": {
      "version": "file:../../../soa/js",
      "requires": {
        "@types/sdp-transform": "^2.4.5",
        "@types/ws": "^8.5.4",
        "isomorphic-ws": "^5.0.0",
        "sdp-transform": "^2.14.1",
        "tiny-typed-emitter": "^2.1.0",
        "typescript": "^4.7.4"
      },
      "dependencies": {
        "@types/node": {
          "version": "18.11.18",
          "dev": true
        },
        "@types/sdp-transform": {
          "version": "2.4.5",
          "dev": true
        },
        "@types/ws": {
          "version": "8.5.4",
          "dev": true,
          "requires": {
            "@types/node": "*"
          }
        },
        "isomorphic-ws": {
          "version": "5.0.0",
          "requires": {}
        },
        "sdp-transform": {
          "version": "2.14.1"
        },
        "tiny-typed-emitter": {
          "version": "2.1.0"
        },
        "typescript": {
          "version": "4.9.4",
          "dev": true
        },
        "ws": {
          "version": "8.12.0",
          "peer": true,
          "requires": {}
        }
      }
    },
    "tiny-typed-emitter": {
      "version": "2.1.0"
    },
    "typescript": {
      "version": "4.9.5",
      "dev": true
    }
  }
}
