{
  "name": "crosslab-cli",
  "lockfileVersion": 3,
  "requires": true,
  "packages": {
    "": {
      "name": "crosslab-cli",
      "license": "UNLICENSED",
      "dependencies": {
        "@cross-lab-project/api-client": "file:../../clients/api/js",
        "chalk": "^5.3.0",
        "commander": "^11.0.0",
        "keypress": "^0.2.1"
      },
      "devDependencies": {
        "@types/node": "^20.5.9",
        "typescript": "^5.2.2"
      }
    },
    "../../clients/api/js": {
      "name": "@cross-lab-project/api-client",
      "license": "ISC",
      "dependencies": {
        "ajv-formats": "^2.1.1",
        "cross-fetch": "^4.0.0"
      },
      "devDependencies": {
        "@cross-lab-project/codegen-typescript-addon": "file:../../../helper/crosslab-typescript-addon",
        "@cross-lab-project/openapi-codegen": "file:../../../helper/openapi-codegeneration",
        "@cross-lab-project/tsdoc-theme": "file:../../../helper/tsdoc-theme",
        "@trivago/prettier-plugin-sort-imports": "^4.0.0",
        "@types/node": "^20.5.9",
        "@typescript-eslint/eslint-plugin": "^6.6.0",
        "@typescript-eslint/parser": "^6.6.0",
        "eslint": "^8.34.0",
        "typedoc": "^0.25.1",
        "typescript": "^5.2.2"
      }
    },
    "node_modules/@cross-lab-project/api-client": {
      "resolved": "../../clients/api/js",
      "link": true
    },
    "node_modules/@types/node": {
      "version": "20.5.9",
      "resolved": "https://registry.npmjs.org/@types/node/-/node-20.5.9.tgz",
      "integrity": "sha512-PcGNd//40kHAS3sTlzKB9C9XL4K0sTup8nbG5lC14kzEteTNuAFh9u5nA0o5TWnSG2r/JNPRXFVcHJIIeRlmqQ==",
      "dev": true
    },
    "node_modules/chalk": {
      "version": "5.3.0",
      "resolved": "https://registry.npmjs.org/chalk/-/chalk-5.3.0.tgz",
      "integrity": "sha512-dLitG79d+GV1Nb/VYcCDFivJeK1hiukt9QjRNVOsUtTy1rR1YJsmpGGTZ3qJos+uw7WmWF4wUwBd9jxjocFC2w==",
      "engines": {
        "node": "^12.17.0 || ^14.13 || >=16.0.0"
      },
      "funding": {
        "url": "https://github.com/chalk/chalk?sponsor=1"
      }
    },
    "node_modules/commander": {
      "version": "11.0.0",
      "resolved": "https://registry.npmjs.org/commander/-/commander-11.0.0.tgz",
      "integrity": "sha512-9HMlXtt/BNoYr8ooyjjNRdIilOTkVJXB+GhxMTtOKwk0R4j4lS4NpjuqmRxroBfnfTSHQIHQB7wryHhXarNjmQ==",
      "engines": {
        "node": ">=16"
      }
    },
    "node_modules/keypress": {
      "version": "0.2.1",
      "resolved": "https://registry.npmjs.org/keypress/-/keypress-0.2.1.tgz",
      "integrity": "sha512-HjorDJFNhnM4SicvaUXac0X77NiskggxJdesG72+O5zBKpSqKFCrqmndKVqpu3pFqkla0St6uGk8Ju0sCurrmg=="
    },
    "node_modules/typescript": {
      "version": "5.2.2",
      "resolved": "https://registry.npmjs.org/typescript/-/typescript-5.2.2.tgz",
      "integrity": "sha512-mI4WrpHsbCIcwT9cF4FZvr80QUeKvsUsUvKDoR+X/7XHQH98xYD8YHZg7ANtz2GtZt/CBq2QJ0thkGJMHfqc1w==",
      "dev": true,
      "bin": {
        "tsc": "bin/tsc",
        "tsserver": "bin/tsserver"
      },
      "engines": {
        "node": ">=14.17"
      }
    }
  }
}
