{
  "name": "@crosslab/service-common",
  "version": "0.0.0-dev+1dbac76",
  "lockfileVersion": 2,
  "requires": true,
  "packages": {
    "": {
      "name": "@crosslab/service-common",
      "version": "0.0.0-dev+1dbac76",
      "license": "UNLICENSED",
      "dependencies": {
        "jose": "^4.11.1"
      },
      "devDependencies": {
        "typescript": "^4.9.4"
      }
    },
    "node_modules/jose": {
      "version": "4.11.1",
      "resolved": "https://registry.npmjs.org/jose/-/jose-4.11.1.tgz",
      "integrity": "sha512-YRv4Tk/Wlug8qicwqFNFVEZSdbROCHRAC6qu/i0dyNKr5JQdoa2pIGoS04lLO/jXQX7Z9omoNewYIVIxqZBd9Q==",
      "funding": {
        "url": "https://github.com/sponsors/panva"
      }
    },
    "node_modules/typescript": {
      "version": "4.9.4",
      "resolved": "https://registry.npmjs.org/typescript/-/typescript-4.9.4.tgz",
      "integrity": "sha512-Uz+dTXYzxXXbsFpM86Wh3dKCxrQqUcVMxwU54orwlJjOpO3ao8L7j5lH+dWfTwgCwIuM9GQ2kvVotzYJMXTBZg==",
      "dev": true,
      "bin": {
        "tsc": "bin/tsc",
        "tsserver": "bin/tsserver"
      },
      "engines": {
        "node": ">=4.2.0"
      }
    }
  },
  "dependencies": {
    "jose": {
      "version": "4.11.1",
      "resolved": "https://registry.npmjs.org/jose/-/jose-4.11.1.tgz",
      "integrity": "sha512-YRv4Tk/Wlug8qicwqFNFVEZSdbROCHRAC6qu/i0dyNKr5JQdoa2pIGoS04lLO/jXQX7Z9omoNewYIVIxqZBd9Q=="
    },
    "typescript": {
      "version": "4.9.4",
      "resolved": "https://registry.npmjs.org/typescript/-/typescript-4.9.4.tgz",
      "integrity": "sha512-Uz+dTXYzxXXbsFpM86Wh3dKCxrQqUcVMxwU54orwlJjOpO3ao8L7j5lH+dWfTwgCwIuM9GQ2kvVotzYJMXTBZg==",
      "dev": true
    }
  }
}
